
Microsoft Visual Studio Solution File, Format Version 12.00
# Visual Studio Version 17
VisualStudioVersion = 17.11.35327.3
MinimumVisualStudioVersion = 10.0.40219.1
Project("{9A19103F-16F7-4668-BE54-9A1E7A4F7556}") = "ImageReceiver", "ImageReceiver\ImageReceiver.csproj", "{740D37B4-AF0C-4F7A-8F7E-948625826539}"
EndProject
Project("{9A19103F-16F7-4668-BE54-9A1E7A4F7556}") = "RTSPListener", "RTSPListener\RTSPListener.csproj", "{22F5EFF1-1C11-4AF4-9338-3427A22169BA}"
	ProjectSection(ProjectDependencies) = postProject
		{740D37B4-AF0C-4F7A-8F7E-948625826539} = {740D37B4-AF0C-4F7A-8F7E-948625826539}
	EndProjectSection
EndProject
Global
	GlobalSection(SolutionConfigurationPlatforms) = preSolution
		Debug|Any CPU = Debug|Any CPU
		Release|Any CPU = Release|Any CPU
	EndGlobalSection
	GlobalSection(ProjectConfigurationPlatforms) = postSolution
		{740D37B4-AF0C-4F7A-8F7E-948625826539}.Debug|Any CPU.ActiveCfg = Debug|Any CPU
		{740D37B4-AF0C-4F7A-8F7E-948625826539}.Debug|Any CPU.Build.0 = Debug|Any CPU
		{740D37B4-AF0C-4F7A-8F7E-948625826539}.Release|Any CPU.ActiveCfg = Release|Any CPU
		{740D37B4-AF0C-4F7A-8F7E-948625826539}.Release|Any CPU.Build.0 = Release|Any CPU
		{22F5EFF1-1C11-4AF4-9338-3427A22169BA}.Debug|Any CPU.ActiveCfg = Debug|Any CPU
		{22F5EFF1-1C11-4AF4-9338-3427A22169BA}.Debug|Any CPU.Build.0 = Debug|Any CPU
		{22F5EFF1-1C11-4AF4-9338-3427A22169BA}.Release|Any CPU.ActiveCfg = Release|Any CPU
		{22F5EFF1-1C11-4AF4-9338-3427A22169BA}.Release|Any CPU.Build.0 = Release|Any CPU
	EndGlobalSection
	GlobalSection(SolutionProperties) = preSolution
		HideSolutionNode = FALSE
	EndGlobalSection
	GlobalSection(ExtensibilityGlobals) = postSolution
		SolutionGuid = {B64D24E8-0CDA-4E1F-9384-F0BA1EA1A40C}
	EndGlobalSection
EndGlobal
